// !$*UTF8*$!
{
	archiveVersion = 1;
	classes = {
	};
	objectVersion = 46;
	objects = {

/* Begin PBXBuildFile section */
		5B614DB32006CE3D009559BA /* AppDelegate.swift in Sources */ = {isa = PBXBuildFile; fileRef = 5B614DB22006CE3D009559BA /* AppDelegate.swift */; };
		5B614DB52006CE3D009559BA /* ViewController.swift in Sources */ = {isa = PBXBuildFile; fileRef = 5B614DB42006CE3D009559BA /* ViewController.swift */; };
		5B614DB82006CE3D009559BA /* Main.storyboard in Resources */ = {isa = PBXBuildFile; fileRef = 5B614DB62006CE3D009559BA /* Main.storyboard */; };
		5B614DBB2006CE3D009559BA /* exampleAPI.xcdatamodeld in Sources */ = {isa = PBXBuildFile; fileRef = 5B614DB92006CE3D009559BA /* exampleAPI.xcdatamodeld */; };
		5B614DBD2006CE3D009559BA /* Assets.xcassets in Resources */ = {isa = PBXBuildFile; fileRef = 5B614DBC2006CE3D009559BA /* Assets.xcassets */; };
		5B614DC02006CE3D009559BA /* LaunchScreen.storyboard in Resources */ = {isa = PBXBuildFile; fileRef = 5B614DBE2006CE3D009559BA /* LaunchScreen.storyboard */; };
		5B614DC82006D674009559BA /* TableViewCell.swift in Sources */ = {isa = PBXBuildFile; fileRef = 5B614DC72006D674009559BA /* TableViewCell.swift */; };
		5B614DCA2006D786009559BA /* Message.swift in Sources */ = {isa = PBXBuildFile; fileRef = 5B614DC92006D786009559BA /* Message.swift */; };
/* End PBXBuildFile section */

/* Begin PBXFileReference section */
		5B614DAF2006CE3D009559BA /* exampleAPI.app */ = {isa = PBXFileReference; explicitFileType = wrapper.application; includeInIndex = 0; path = exampleAPI.app; sourceTree = BUILT_PRODUCTS_DIR; };
		5B614DB22006CE3D009559BA /* AppDelegate.swift */ = {isa = PBXFileReference; lastKnownFileType = sourcecode.swift; path = AppDelegate.swift; sourceTree = "<group>"; };
		5B614DB42006CE3D009559BA /* ViewController.swift */ = {isa = PBXFileReference; lastKnownFileType = sourcecode.swift; path = ViewController.swift; sourceTree = "<group>"; };
		5B614DB72006CE3D009559BA /* Base */ = {isa = PBXFileReference; lastKnownFileType = file.storyboard; name = Base; path = Base.lproj/Main.storyboard; sourceTree = "<group>"; };
		5B614DBA2006CE3D009559BA /* exampleAPI.xcdatamodel */ = {isa = PBXFileReference; lastKnownFileType = wrapper.xcdatamodel; path = exampleAPI.xcdatamodel; sourceTree = "<group>"; };
		5B614DBC2006CE3D009559BA /* Assets.xcassets */ = {isa = PBXFileReference; lastKnownFileType = folder.assetcatalog; path = Assets.xcassets; sourceTree = "<group>"; };
		5B614DBF2006CE3D009559BA /* Base */ = {isa = PBXFileReference; lastKnownFileType = file.storyboard; name = Base; path = Base.lproj/LaunchScreen.storyboard; sourceTree = "<group>"; };
		5B614DC12006CE3D009559BA /* Info.plist */ = {isa = PBXFileReference; lastKnownFileType = text.plist.xml; path = Info.plist; sourceTree = "<group>"; };
		5B614DC72006D674009559BA /* TableViewCell.swift */ = {isa = PBXFileReference; fileEncoding = 4; lastKnownFileType = sourcecode.swift; path = TableViewCell.swift; sourceTree = "<group>"; };
		5B614DC92006D786009559BA /* Message.swift */ = {isa = PBXFileReference; fileEncoding = 4; lastKnownFileType = sourcecode.swift; path = Message.swift; sourceTree = "<group>"; };
/* End PBXFileReference section */

/* Begin PBXFrameworksBuildPhase section */
		5B614DAC2006CE3D009559BA /* Frameworks */ = {
			isa = PBXFrameworksBuildPhase;
			buildActionMask = 2147483647;
			files = (
			);
			runOnlyForDeploymentPostprocessing = 0;
		};
/* End PBXFrameworksBuildPhase section */

/* Begin PBXGroup section */
		5B614DA62006CE3D009559BA = {
			isa = PBXGroup;
			children = (
				5B614DB12006CE3D009559BA /* exampleAPI */,
				5B614DB02006CE3D009559BA /* Products */,
			);
			sourceTree = "<group>";
		};
		5B614DB02006CE3D009559BA /* Products */ = {
			isa = PBXGroup;
			children = (
				5B614DAF2006CE3D009559BA /* exampleAPI.app */,
			);
			name = Products;
			sourceTree = "<group>";
		};
		5B614DB12006CE3D009559BA /* exampleAPI */ = {
			isa = PBXGroup;
			children = (
				5B614DC12006CE3D009559BA /* Info.plist */,
				5B614DB22006CE3D009559BA /* AppDelegate.swift */,
				5B614DC92006D786009559BA /* Message.swift */,
				5B614DC72006D674009559BA /* TableViewCell.swift */,
				5B614DB42006CE3D009559BA /* ViewController.swift */,
				5B614DBC2006CE3D009559BA /* Assets.xcassets */,
				5B614DB92006CE3D009559BA /* exampleAPI.xcdatamodeld */,
				5B614DBE2006CE3D009559BA /* LaunchScreen.storyboard */,
				5B614DB62006CE3D009559BA /* Main.storyboard */,
			);
			path = exampleAPI;
			sourceTree = "<group>";
		};
/* End PBXGroup section */

/* Begin PBXNativeTarget section */
		5B614DAE2006CE3D009559BA /* exampleAPI */ = {
			isa = PBXNativeTarget;
			buildConfigurationList = 5B614DC42006CE3D009559BA /* Build configuration list for PBXNativeTarget "exampleAPI" */;
			buildPhases = (
				5B614DAB2006CE3D009559BA /* Sources */,
				5B614DAC2006CE3D009559BA /* Frameworks */,
				5B614DAD2006CE3D009559BA /* Resources */,
			);
			buildRules = (
			);
			dependencies = (
			);
			name = exampleAPI;
			productName = exampleAPI;
			productReference = 5B614DAF2006CE3D009559BA /* exampleAPI.app */;
			productType = "com.apple.product-type.application";
		};
/* End PBXNativeTarget section */

/* Begin PBXProject section */
		5B614DA72006CE3D009559BA /* Project object */ = {
			isa = PBXProject;
			attributes = {
				LastSwiftUpdateCheck = 0730;
				LastUpgradeCheck = 0730;
				ORGANIZATIONNAME = "Aitor García Luiz";
				TargetAttributes = {
					5B614DAE2006CE3D009559BA = {
						CreatedOnToolsVersion = 7.3.1;
					};
				};
			};
			buildConfigurationList = 5B614DAA2006CE3D009559BA /* Build configuration list for PBXProject "exampleAPI" */;
			compatibilityVersion = "Xcode 3.2";
			developmentRegion = English;
			hasScannedForEncodings = 0;
			knownRegions = (
				en,
				Base,
			);
			mainGroup = 5B614DA62006CE3D009559BA;
			productRefGroup = 5B614DB02006CE3D009559BA /* Products */;
			projectDirPath = "";
			projectRoot = "";
			targets = (
				5B614DAE2006CE3D009559BA /* exampleAPI */,
			);
		};
/* End PBXProject section */

/* Begin PBXResourcesBuildPhase section */
		5B614DAD2006CE3D009559BA /* Resources */ = {
			isa = PBXResourcesBuildPhase;
			buildActionMask = 2147483647;
			files = (
				5B614DC02006CE3D009559BA /* LaunchScreen.storyboard in Resources */,
				5B614DBD2006CE3D009559BA /* Assets.xcassets in Resources */,
				5B614DB82006CE3D009559BA /* Main.storyboard in Resources */,
			);
			runOnlyForDeploymentPostprocessing = 0;
		};
/* End PBXResourcesBuildPhase section */

/* Begin PBXSourcesBuildPhase section */
		5B614DAB2006CE3D009559BA /* Sources */ = {
			isa = PBXSourcesBuildPhase;
			buildActionMask = 2147483647;
			files = (
				5B614DB52006CE3D009559BA /* ViewController.swift in Sources */,
				5B614DC82006D674009559BA /* TableViewCell.swift in Sources */,
				5B614DCA2006D786009559BA /* Message.swift in Sources */,
				5B614DB32006CE3D009559BA /* AppDelegate.swift in Sources */,
				5B614DBB2006CE3D009559BA /* exampleAPI.xcdatamodeld in Sources */,
			);
			runOnlyForDeploymentPostprocessing = 0;
		};
/* End PBXSourcesBuildPhase section */

/* Begin PBXVariantGroup section */
		5B614DB62006CE3D009559BA /* Main.storyboard */ = {
			isa = PBXVariantGroup;
			children = (
				5B614DB72006CE3D009559BA /* Base */,
			);
			name = Main.storyboard;
			sourceTree = "<group>";
		};
		5B614DBE2006CE3D009559BA /* LaunchScreen.storyboard */ = {
			isa = PBXVariantGroup;
			children = (
				5B614DBF2006CE3D009559BA /* Base */,
			);
			name = LaunchScreen.storyboard;
			sourceTree = "<group>";
		};
/* End PBXVariantGroup section */

/* Begin XCBuildConfiguration section */
		5B614DC22006CE3D009559BA /* Debug */ = {
			isa = XCBuildConfiguration;
			buildSettings = {
				ALWAYS_SEARCH_USER_PATHS = NO;
				CLANG_ANALYZER_NONNULL = YES;
				CLANG_CXX_LANGUAGE_STANDARD = "gnu++0x";
				CLANG_CXX_LIBRARY = "libc++";
				CLANG_ENABLE_MODULES = YES;
				CLANG_ENABLE_OBJC_ARC = YES;
				CLANG_WARN_BOOL_CONVERSION = YES;
				CLANG_WARN_CONSTANT_CONVERSION = YES;
				CLANG_WARN_DIRECT_OBJC_ISA_USAGE = YES_ERROR;
				CLANG_WARN_EMPTY_BODY = YES;
				CLANG_WARN_ENUM_CONVERSION = YES;
				CLANG_WARN_INT_CONVERSION = YES;
				CLANG_WARN_OBJC_ROOT_CLASS = YES_ERROR;
				CLANG_WARN_UNREACHABLE_CODE = YES;
				CLANG_WARN__DUPLICATE_METHOD_MATCH = YES;
				"CODE_SIGN_IDENTITY[sdk=iphoneos*]" = "iPhone Developer";
				COPY_PHASE_STRIP = NO;
				DEBUG_INFORMATION_FORMAT = dwarf;
				ENABLE_STRICT_OBJC_MSGSEND = YES;
				ENABLE_TESTABILITY = YES;
				GCC_C_LANGUAGE_STANDARD = gnu99;
				GCC_DYNAMIC_NO_PIC = NO;
				GCC_NO_COMMON_BLOCKS = YES;
				GCC_OPTIMIZATION_LEVEL = 0;
				GCC_PREPROCESSOR_DEFINITIONS = (
					"DEBUG=1",
					"$(inherited)",
				);
				GCC_WARN_64_TO_32_BIT_CONVERSION = YES;
				GCC_WARN_ABOUT_RETURN_TYPE = YES_ERROR;
				GCC_WARN_UNDECLARED_SELECTOR = YES;
				GCC_WARN_UNINITIALIZED_AUTOS = YES_AGGRESSIVE;
				GCC_WARN_UNUSED_FUNCTION = YES;
				GCC_WARN_UNUSED_VARIABLE = YES;
				IPHONEOS_DEPLOYMENT_TARGET = 9.3;
				MTL_ENABLE_DEBUG_INFO = YES;
				ONLY_ACTIVE_ARCH = YES;
				SDKROOT = iphoneos;
				SWIFT_OPTIMIZATION_LEVEL = "-Onone";
				TARGETED_DEVICE_FAMILY = "1,2";
			};
			name = Debug;
		};
		5B614DC32006CE3D009559BA /* Release */ = {
			isa = XCBuildConfiguration;
			buildSettings = {
				ALWAYS_SEARCH_USER_PATHS = NO;
				CLANG_ANALYZER_NONNULL = YES;
				CLANG_CXX_LANGUAGE_STANDARD = "gnu++0x";
				CLANG_CXX_LIBRARY = "libc++";
				CLANG_ENABLE_MODULES = YES;
				CLANG_ENABLE_OBJC_ARC = YES;
				CLANG_WARN_BOOL_CONVERSION = YES;
				CLANG_WARN_CONSTANT_CONVERSION = YES;
				CLANG_WARN_DIRECT_OBJC_ISA_USAGE = YES_ERROR;
				CLANG_WARN_EMPTY_BODY = YES;
				CLANG_WARN_ENUM_CONVERSION = YES;
				CLANG_WARN_INT_CONVERSION = YES;
				CLANG_WARN_OBJC_ROOT_CLASS = YES_ERROR;
				CLANG_WARN_UNREACHABLE_CODE = YES;
				CLANG_WARN__DUPLICATE_METHOD_MATCH = YES;
				"CODE_SIGN_IDENTITY[sdk=iphoneos*]" = "iPhone Developer";
				COPY_PHASE_STRIP = NO;
				DEBUG_INFORMATION_FORMAT = "dwarf-with-dsym";
				ENABLE_NS_ASSERTIONS = NO;
				ENABLE_STRICT_OBJC_MSGSEND = YES;
				GCC_C_LANGUAGE_STANDARD = gnu99;
				GCC_NO_COMMON_BLOCKS = YES;
				GCC_WARN_64_TO_32_BIT_CONVERSION = YES;
				GCC_WARN_ABOUT_RETURN_TYPE = YES_ERROR;
				GCC_WARN_UNDECLARED_SELECTOR = YES;
				GCC_WARN_UNINITIALIZED_AUTOS = YES_AGGRESSIVE;
				GCC_WARN_UNUSED_FUNCTION = YES;
				GCC_WARN_UNUSED_VARIABLE = YES;
				IPHONEOS_DEPLOYMENT_TARGET = 9.3;
				MTL_ENABLE_DEBUG_INFO = NO;
				SDKROOT = iphoneos;
				TARGETED_DEVICE_FAMILY = "1,2";
				VALIDATE_PRODUCT = YES;
			};
			name = Release;
		};
		5B614DC52006CE3D009559BA /* Debug */ = {
			isa = XCBuildConfiguration;
			buildSettings = {
				ASSETCATALOG_COMPILER_APPICON_NAME = AppIcon;
				INFOPLIST_FILE = exampleAPI/Info.plist;
				LD_RUNPATH_SEARCH_PATHS = "$(inherited) @executable_path/Frameworks";
				PRODUCT_BUNDLE_IDENTIFIER = thecakeisalie.exampleAPI;
				PRODUCT_NAME = "$(TARGET_NAME)";
			};
			name = Debug;
		};
		5B614DC62006CE3D009559BA /* Release */ = {
			isa = XCBuildConfiguration;
			buildSettings = {
				ASSETCATALOG_COMPILER_APPICON_NAME = AppIcon;
				INFOPLIST_FILE = exampleAPI/Info.plist;
				LD_RUNPATH_SEARCH_PATHS = "$(inherited) @executable_path/Frameworks";
				PRODUCT_BUNDLE_IDENTIFIER = thecakeisalie.exampleAPI;
				PRODUCT_NAME = "$(TARGET_NAME)";
			};
			name = Release;
		};
/* End XCBuildConfiguration section */

/* Begin XCConfigurationList section */
		5B614DAA2006CE3D009559BA /* Build configuration list for PBXProject "exampleAPI" */ = {
			isa = XCConfigurationList;
			buildConfigurations = (
				5B614DC22006CE3D009559BA /* Debug */,
				5B614DC32006CE3D009559BA /* Release */,
			);
			defaultConfigurationIsVisible = 0;
			defaultConfigurationName = Release;
		};
		5B614DC42006CE3D009559BA /* Build configuration list for PBXNativeTarget "exampleAPI" */ = {
			isa = XCConfigurationList;
			buildConfigurations = (
				5B614DC52006CE3D009559BA /* Debug */,
				5B614DC62006CE3D009559BA /* Release */,
			);
			defaultConfigurationIsVisible = 0;
			defaultConfigurationName = Release;
		};
/* End XCConfigurationList section */

/* Begin XCVersionGroup section */
		5B614DB92006CE3D009559BA /* exampleAPI.xcdatamodeld */ = {
			isa = XCVersionGroup;
			children = (
				5B614DBA2006CE3D009559BA /* exampleAPI.xcdatamodel */,
			);
			currentVersion = 5B614DBA2006CE3D009559BA /* exampleAPI.xcdatamodel */;
			path = exampleAPI.xcdatamodeld;
			sourceTree = "<group>";
			versionGroupType = wrapper.xcdatamodel;
		};
/* End XCVersionGroup section */
	};
	rootObject = 5B614DA72006CE3D009559BA /* Project object */;
}
